
Microsoft Visual Studio Solution File, Format Version 12.00
# Visual Studio Version 17
VisualStudioVersion = 17.9.34622.214
MinimumVisualStudioVersion = 10.0.40219.1
Project("{FAE04EC0-301F-11D3-BF4B-00C04F79EFBC}") = "Adam_Kelley_Mission_11", "Adam_Kelley_Mission_11\Adam_Kelley_Mission_11.csproj", "{70D98D68-6268-4855-AA29-44E2469067CD}"
EndProject
Global
	GlobalSection(SolutionConfigurationPlatforms) = preSolution
		Debug|Any CPU = Debug|Any CPU
		Release|Any CPU = Release|Any CPU
	EndGlobalSection
	GlobalSection(ProjectConfigurationPlatforms) = postSolution
		{70D98D68-6268-4855-AA29-44E2469067CD}.Debug|Any CPU.ActiveCfg = Debug|Any CPU
		{70D98D68-6268-4855-AA29-44E2469067CD}.Debug|Any CPU.Build.0 = Debug|Any CPU
		{70D98D68-6268-4855-AA29-44E2469067CD}.Release|Any CPU.ActiveCfg = Release|Any CPU
		{70D98D68-6268-4855-AA29-44E2469067CD}.Release|Any CPU.Build.0 = Release|Any CPU
	EndGlobalSection
	GlobalSection(SolutionProperties) = preSolution
		HideSolutionNode = FALSE
	EndGlobalSection
	GlobalSection(ExtensibilityGlobals) = postSolution
		SolutionGuid = {0AF65F95-1BAB-40E6-A7C0-0F67868E996B}
	EndGlobalSection
EndGlobal
